// !$*UTF8*$!
{
	archiveVersion = 1;
	classes = {
	};
	objectVersion = 55;
	objects = {

/* Begin PBXBuildFile section */
		728B8A26284467DF006D3D26 /* example_5.cpp in Sources */ = {isa = PBXBuildFile; fileRef = 728B8A25284467DF006D3D26 /* example_5.cpp */; };
		728B8A28284468E6006D3D26 /* fraction.hpp in Sources */ = {isa = PBXBuildFile; fileRef = 728B8A27284468E6006D3D26 /* fraction.hpp */; };
		728B8A2B28446AE0006D3D26 /* fraction.cpp in Sources */ = {isa = PBXBuildFile; fileRef = 728B8A2A28446AE0006D3D26 /* fraction.cpp */; };
		728B8A2D28465150006D3D26 /* example_7.cpp in Sources */ = {isa = PBXBuildFile; fileRef = 728B8A2C28465150006D3D26 /* example_7.cpp */; };
/* End PBXBuildFile section */

/* Begin PBXCopyFilesBuildPhase section */
		728B8A10284272A5006D3D26 /* CopyFiles */ = {
			isa = PBXCopyFilesBuildPhase;
			buildActionMask = 2147483647;
			dstPath = /usr/share/man/man1/;
			dstSubfolderSpec = 0;
			files = (
			);
			runOnlyForDeploymentPostprocessing = 1;
		};
/* End PBXCopyFilesBuildPhase section */

/* Begin PBXFileReference section */
		728B8A12284272A5006D3D26 /* ch9_workspace */ = {isa = PBXFileReference; explicitFileType = "compiled.mach-o.executable"; includeInIndex = 0; path = ch9_workspace; sourceTree = BUILT_PRODUCTS_DIR; };
		728B8A15284272A5006D3D26 /* example_1.cpp */ = {isa = PBXFileReference; lastKnownFileType = sourcecode.cpp.cpp; path = example_1.cpp; sourceTree = "<group>"; };
		728B8A1C28427420006D3D26 /* example_2.cpp */ = {isa = PBXFileReference; lastKnownFileType = sourcecode.cpp.cpp; path = example_2.cpp; sourceTree = "<group>"; };
		728B8A212844641C006D3D26 /* example_3.cpp */ = {isa = PBXFileReference; lastKnownFileType = sourcecode.cpp.cpp; path = example_3.cpp; sourceTree = "<group>"; };
		728B8A23284465AB006D3D26 /* example_4.cpp */ = {isa = PBXFileReference; lastKnownFileType = sourcecode.cpp.cpp; path = example_4.cpp; sourceTree = "<group>"; };
		728B8A25284467DF006D3D26 /* example_5.cpp */ = {isa = PBXFileReference; lastKnownFileType = sourcecode.cpp.cpp; path = example_5.cpp; sourceTree = "<group>"; };
		728B8A27284468E6006D3D26 /* fraction.hpp */ = {isa = PBXFileReference; lastKnownFileType = sourcecode.cpp.h; path = fraction.hpp; sourceTree = "<group>"; };
		728B8A2A28446AE0006D3D26 /* fraction.cpp */ = {isa = PBXFileReference; lastKnownFileType = sourcecode.cpp.cpp; path = fraction.cpp; sourceTree = "<group>"; };
		728B8A2C28465150006D3D26 /* example_7.cpp */ = {isa = PBXFileReference; lastKnownFileType = sourcecode.cpp.cpp; path = example_7.cpp; sourceTree = "<group>"; };
/* End PBXFileReference section */

/* Begin PBXFrameworksBuildPhase section */
		728B8A0F284272A5006D3D26 /* Frameworks */ = {
			isa = PBXFrameworksBuildPhase;
			buildActionMask = 2147483647;
			files = (
			);
			runOnlyForDeploymentPostprocessing = 0;
		};
/* End PBXFrameworksBuildPhase section */

/* Begin PBXGroup section */
		728B8A09284272A5006D3D26 = {
			isa = PBXGroup;
			children = (
				728B8A15284272A5006D3D26 /* example_1.cpp */,
				728B8A1C28427420006D3D26 /* example_2.cpp */,
				728B8A212844641C006D3D26 /* example_3.cpp */,
				728B8A23284465AB006D3D26 /* example_4.cpp */,
				728B8A25284467DF006D3D26 /* example_5.cpp */,
				728B8A292844696C006D3D26 /* example_6 */,
				728B8A13284272A5006D3D26 /* Products */,
			);
			sourceTree = "<group>";
		};
		728B8A13284272A5006D3D26 /* Products */ = {
			isa = PBXGroup;
			children = (
				728B8A12284272A5006D3D26 /* ch9_workspace */,
			);
			name = Products;
			sourceTree = "<group>";
		};
		728B8A292844696C006D3D26 /* example_6 */ = {
			isa = PBXGroup;
			children = (
				728B8A27284468E6006D3D26 /* fraction.hpp */,
				728B8A2A28446AE0006D3D26 /* fraction.cpp */,
				728B8A2C28465150006D3D26 /* example_7.cpp */,
			);
			name = example_6;
			sourceTree = "<group>";
		};
/* End PBXGroup section */

/* Begin PBXNativeTarget section */
		728B8A11284272A5006D3D26 /* ch9_workspace */ = {
			isa = PBXNativeTarget;
			buildConfigurationList = 728B8A19284272A5006D3D26 /* Build configuration list for PBXNativeTarget "ch9_workspace" */;
			buildPhases = (
				728B8A0E284272A5006D3D26 /* Sources */,
				728B8A0F284272A5006D3D26 /* Frameworks */,
				728B8A10284272A5006D3D26 /* CopyFiles */,
			);
			buildRules = (
			);
			dependencies = (
			);
			name = ch9_workspace;
			productName = ch9_workspace;
			productReference = 728B8A12284272A5006D3D26 /* ch9_workspace */;
			productType = "com.apple.product-type.tool";
		};
/* End PBXNativeTarget section */

/* Begin PBXProject section */
		728B8A0A284272A5006D3D26 /* Project object */ = {
			isa = PBXProject;
			attributes = {
				BuildIndependentTargetsInParallel = 1;
				LastUpgradeCheck = 1340;
				TargetAttributes = {
					728B8A11284272A5006D3D26 = {
						CreatedOnToolsVersion = 13.4;
					};
				};
			};
			buildConfigurationList = 728B8A0D284272A5006D3D26 /* Build configuration list for PBXProject "ch9_workspace" */;
			compatibilityVersion = "Xcode 13.0";
			developmentRegion = en;
			hasScannedForEncodings = 0;
			knownRegions = (
				en,
				Base,
			);
			mainGroup = 728B8A09284272A5006D3D26;
			productRefGroup = 728B8A13284272A5006D3D26 /* Products */;
			projectDirPath = "";
			projectRoot = "";
			targets = (
				728B8A11284272A5006D3D26 /* ch9_workspace */,
			);
		};
/* End PBXProject section */

/* Begin PBXSourcesBuildPhase section */
		728B8A0E284272A5006D3D26 /* Sources */ = {
			isa = PBXSourcesBuildPhase;
			buildActionMask = 2147483647;
			files = (
				728B8A2D28465150006D3D26 /* example_7.cpp in Sources */,
				728B8A26284467DF006D3D26 /* example_5.cpp in Sources */,
				728B8A2B28446AE0006D3D26 /* fraction.cpp in Sources */,
				728B8A28284468E6006D3D26 /* fraction.hpp in Sources */,
			);
			runOnlyForDeploymentPostprocessing = 0;
		};
/* End PBXSourcesBuildPhase section */

/* Begin XCBuildConfiguration section */
		728B8A17284272A5006D3D26 /* Debug */ = {
			isa = XCBuildConfiguration;
			buildSettings = {
				ALWAYS_SEARCH_USER_PATHS = NO;
				CLANG_ANALYZER_NONNULL = YES;
				CLANG_ANALYZER_NUMBER_OBJECT_CONVERSION = YES_AGGRESSIVE;
				CLANG_CXX_LANGUAGE_STANDARD = "gnu++17";
				CLANG_ENABLE_MODULES = YES;
				CLANG_ENABLE_OBJC_ARC = YES;
				CLANG_ENABLE_OBJC_WEAK = YES;
				CLANG_WARN_BLOCK_CAPTURE_AUTORELEASING = YES;
				CLANG_WARN_BOOL_CONVERSION = YES;
				CLANG_WARN_COMMA = YES;
				CLANG_WARN_CONSTANT_CONVERSION = YES;
				CLANG_WARN_DEPRECATED_OBJC_IMPLEMENTATIONS = YES;
				CLANG_WARN_DIRECT_OBJC_ISA_USAGE = YES_ERROR;
				CLANG_WARN_DOCUMENTATION_COMMENTS = YES;
				CLANG_WARN_EMPTY_BODY = YES;
				CLANG_WARN_ENUM_CONVERSION = YES;
				CLANG_WARN_INFINITE_RECURSION = YES;
				CLANG_WARN_INT_CONVERSION = YES;
				CLANG_WARN_NON_LITERAL_NULL_CONVERSION = YES;
				CLANG_WARN_OBJC_IMPLICIT_RETAIN_SELF = YES;
				CLANG_WARN_OBJC_LITERAL_CONVERSION = YES;
				CLANG_WARN_OBJC_ROOT_CLASS = YES_ERROR;
				CLANG_WARN_QUOTED_INCLUDE_IN_FRAMEWORK_HEADER = YES;
				CLANG_WARN_RANGE_LOOP_ANALYSIS = YES;
				CLANG_WARN_STRICT_PROTOTYPES = YES;
				CLANG_WARN_SUSPICIOUS_MOVE = YES;
				CLANG_WARN_UNGUARDED_AVAILABILITY = YES_AGGRESSIVE;
				CLANG_WARN_UNREACHABLE_CODE = YES;
				CLANG_WARN__DUPLICATE_METHOD_MATCH = YES;
				COPY_PHASE_STRIP = NO;
				DEBUG_INFORMATION_FORMAT = dwarf;
				ENABLE_STRICT_OBJC_MSGSEND = YES;
				ENABLE_TESTABILITY = YES;
				GCC_C_LANGUAGE_STANDARD = gnu11;
				GCC_DYNAMIC_NO_PIC = NO;
				GCC_NO_COMMON_BLOCKS = YES;
				GCC_OPTIMIZATION_LEVEL = 0;
				GCC_PREPROCESSOR_DEFINITIONS = (
					"DEBUG=1",
					"$(inherited)",
				);
				GCC_WARN_64_TO_32_BIT_CONVERSION = YES;
				GCC_WARN_ABOUT_RETURN_TYPE = YES_ERROR;
				GCC_WARN_UNDECLARED_SELECTOR = YES;
				GCC_WARN_UNINITIALIZED_AUTOS = YES_AGGRESSIVE;
				GCC_WARN_UNUSED_FUNCTION = YES;
				GCC_WARN_UNUSED_VARIABLE = YES;
				MACOSX_DEPLOYMENT_TARGET = 12.3;
				MTL_ENABLE_DEBUG_INFO = INCLUDE_SOURCE;
				MTL_FAST_MATH = YES;
				ONLY_ACTIVE_ARCH = YES;
				SDKROOT = macosx;
			};
			name = Debug;
		};
		728B8A18284272A5006D3D26 /* Release */ = {
			isa = XCBuildConfiguration;
			buildSettings = {
				ALWAYS_SEARCH_USER_PATHS = NO;
				CLANG_ANALYZER_NONNULL = YES;
				CLANG_ANALYZER_NUMBER_OBJECT_CONVERSION = YES_AGGRESSIVE;
				CLANG_CXX_LANGUAGE_STANDARD = "gnu++17";
				CLANG_ENABLE_MODULES = YES;
				CLANG_ENABLE_OBJC_ARC = YES;
				CLANG_ENABLE_OBJC_WEAK = YES;
				CLANG_WARN_BLOCK_CAPTURE_AUTORELEASING = YES;
				CLANG_WARN_BOOL_CONVERSION = YES;
				CLANG_WARN_COMMA = YES;
				CLANG_WARN_CONSTANT_CONVERSION = YES;
				CLANG_WARN_DEPRECATED_OBJC_IMPLEMENTATIONS = YES;
				CLANG_WARN_DIRECT_OBJC_ISA_USAGE = YES_ERROR;
				CLANG_WARN_DOCUMENTATION_COMMENTS = YES;
				CLANG_WARN_EMPTY_BODY = YES;
				CLANG_WARN_ENUM_CONVERSION = YES;
				CLANG_WARN_INFINITE_RECURSION = YES;
				CLANG_WARN_INT_CONVERSION = YES;
				CLANG_WARN_NON_LITERAL_NULL_CONVERSION = YES;
				CLANG_WARN_OBJC_IMPLICIT_RETAIN_SELF = YES;
				CLANG_WARN_OBJC_LITERAL_CONVERSION = YES;
				CLANG_WARN_OBJC_ROOT_CLASS = YES_ERROR;
				CLANG_WARN_QUOTED_INCLUDE_IN_FRAMEWORK_HEADER = YES;
				CLANG_WARN_RANGE_LOOP_ANALYSIS = YES;
				CLANG_WARN_STRICT_PROTOTYPES = YES;
				CLANG_WARN_SUSPICIOUS_MOVE = YES;
				CLANG_WARN_UNGUARDED_AVAILABILITY = YES_AGGRESSIVE;
				CLANG_WARN_UNREACHABLE_CODE = YES;
				CLANG_WARN__DUPLICATE_METHOD_MATCH = YES;
				COPY_PHASE_STRIP = NO;
				DEBUG_INFORMATION_FORMAT = "dwarf-with-dsym";
				ENABLE_NS_ASSERTIONS = NO;
				ENABLE_STRICT_OBJC_MSGSEND = YES;
				GCC_C_LANGUAGE_STANDARD = gnu11;
				GCC_NO_COMMON_BLOCKS = YES;
				GCC_WARN_64_TO_32_BIT_CONVERSION = YES;
				GCC_WARN_ABOUT_RETURN_TYPE = YES_ERROR;
				GCC_WARN_UNDECLARED_SELECTOR = YES;
				GCC_WARN_UNINITIALIZED_AUTOS = YES_AGGRESSIVE;
				GCC_WARN_UNUSED_FUNCTION = YES;
				GCC_WARN_UNUSED_VARIABLE = YES;
				MACOSX_DEPLOYMENT_TARGET = 12.3;
				MTL_ENABLE_DEBUG_INFO = NO;
				MTL_FAST_MATH = YES;
				SDKROOT = macosx;
			};
			name = Release;
		};
		728B8A1A284272A5006D3D26 /* Debug */ = {
			isa = XCBuildConfiguration;
			buildSettings = {
				CODE_SIGN_STYLE = Automatic;
				PRODUCT_NAME = "$(TARGET_NAME)";
			};
			name = Debug;
		};
		728B8A1B284272A5006D3D26 /* Release */ = {
			isa = XCBuildConfiguration;
			buildSettings = {
				CODE_SIGN_STYLE = Automatic;
				PRODUCT_NAME = "$(TARGET_NAME)";
			};
			name = Release;
		};
/* End XCBuildConfiguration section */

/* Begin XCConfigurationList section */
		728B8A0D284272A5006D3D26 /* Build configuration list for PBXProject "ch9_workspace" */ = {
			isa = XCConfigurationList;
			buildConfigurations = (
				728B8A17284272A5006D3D26 /* Debug */,
				728B8A18284272A5006D3D26 /* Release */,
			);
			defaultConfigurationIsVisible = 0;
			defaultConfigurationName = Release;
		};
		728B8A19284272A5006D3D26 /* Build configuration list for PBXNativeTarget "ch9_workspace" */ = {
			isa = XCConfigurationList;
			buildConfigurations = (
				728B8A1A284272A5006D3D26 /* Debug */,
				728B8A1B284272A5006D3D26 /* Release */,
			);
			defaultConfigurationIsVisible = 0;
			defaultConfigurationName = Release;
		};
/* End XCConfigurationList section */
	};
	rootObject = 728B8A0A284272A5006D3D26 /* Project object */;
}
