// !$*UTF8*$!
{
	archiveVersion = 1;
	classes = {
	};
	objectVersion = 55;
	objects = {

/* Begin PBXBuildFile section */
		728B8A1E28428B16006D3D26 /* main.cpp in Sources */ = {isa = PBXBuildFile; fileRef = 728B89D8283DCD53006D3D26 /* main.cpp */; };
		728B8A1F28428B16006D3D26 /* student.cpp in Sources */ = {isa = PBXBuildFile; fileRef = 728B89DA283DCD6A006D3D26 /* student.cpp */; };
		728B8A2028428B16006D3D26 /* student.h in Sources */ = {isa = PBXBuildFile; fileRef = 728B89DC283DCD76006D3D26 /* student.h */; };
/* End PBXBuildFile section */

/* Begin PBXCopyFilesBuildPhase section */
		728B89CB283DCC9F006D3D26 /* CopyFiles */ = {
			isa = PBXCopyFilesBuildPhase;
			buildActionMask = 2147483647;
			dstPath = /usr/share/man/man1/;
			dstSubfolderSpec = 0;
			files = (
			);
			runOnlyForDeploymentPostprocessing = 1;
		};
/* End PBXCopyFilesBuildPhase section */

/* Begin PBXFileReference section */
		728B89CD283DCC9F006D3D26 /* ch8_workspace */ = {isa = PBXFileReference; explicitFileType = "compiled.mach-o.executable"; includeInIndex = 0; path = ch8_workspace; sourceTree = BUILT_PRODUCTS_DIR; };
		728B89D0283DCC9F006D3D26 /* example_1.cpp */ = {isa = PBXFileReference; lastKnownFileType = sourcecode.cpp.cpp; path = example_1.cpp; sourceTree = "<group>"; };
		728B89D8283DCD53006D3D26 /* main.cpp */ = {isa = PBXFileReference; lastKnownFileType = sourcecode.cpp.cpp; path = main.cpp; sourceTree = "<group>"; };
		728B89DA283DCD6A006D3D26 /* student.cpp */ = {isa = PBXFileReference; lastKnownFileType = sourcecode.cpp.cpp; path = student.cpp; sourceTree = "<group>"; };
		728B89DC283DCD76006D3D26 /* student.h */ = {isa = PBXFileReference; lastKnownFileType = sourcecode.c.h; path = student.h; sourceTree = "<group>"; };
		728B89E5283F45C8006D3D26 /* example_2.cpp */ = {isa = PBXFileReference; lastKnownFileType = sourcecode.cpp.cpp; path = example_2.cpp; sourceTree = "<group>"; };
		728B89E7283F4C07006D3D26 /* example_3.cpp */ = {isa = PBXFileReference; lastKnownFileType = sourcecode.cpp.cpp; path = example_3.cpp; sourceTree = "<group>"; };
		728B89E928413F5F006D3D26 /* example_4.cpp */ = {isa = PBXFileReference; lastKnownFileType = sourcecode.cpp.cpp; path = example_4.cpp; sourceTree = "<group>"; };
		728B89EB284140D9006D3D26 /* example_5.cpp */ = {isa = PBXFileReference; lastKnownFileType = sourcecode.cpp.cpp; path = example_5.cpp; sourceTree = "<group>"; };
		728B89ED2841417A006D3D26 /* example_6.cpp */ = {isa = PBXFileReference; lastKnownFileType = sourcecode.cpp.cpp; path = example_6.cpp; sourceTree = "<group>"; };
		728B89EF2841424D006D3D26 /* example_7.cpp */ = {isa = PBXFileReference; lastKnownFileType = sourcecode.cpp.cpp; path = example_7.cpp; sourceTree = "<group>"; };
		728B89F128414393006D3D26 /* example_8.cpp */ = {isa = PBXFileReference; lastKnownFileType = sourcecode.cpp.cpp; path = example_8.cpp; sourceTree = "<group>"; };
		728B89F32841448E006D3D26 /* example_9.cpp */ = {isa = PBXFileReference; lastKnownFileType = sourcecode.cpp.cpp; path = example_9.cpp; sourceTree = "<group>"; };
		728B89F5284145FD006D3D26 /* example_10.cpp */ = {isa = PBXFileReference; lastKnownFileType = sourcecode.cpp.cpp; path = example_10.cpp; sourceTree = "<group>"; };
		728B89F828422AF7006D3D26 /* example_11.cpp */ = {isa = PBXFileReference; lastKnownFileType = sourcecode.cpp.cpp; path = example_11.cpp; sourceTree = "<group>"; };
		728B89FA28422BB7006D3D26 /* example_12.cpp */ = {isa = PBXFileReference; lastKnownFileType = sourcecode.cpp.cpp; path = example_12.cpp; sourceTree = "<group>"; };
		728B89FC28422EA8006D3D26 /* example_13.cpp */ = {isa = PBXFileReference; lastKnownFileType = sourcecode.cpp.cpp; path = example_13.cpp; sourceTree = "<group>"; };
		728B89FE28422F8E006D3D26 /* example_14.cpp */ = {isa = PBXFileReference; lastKnownFileType = sourcecode.cpp.cpp; path = example_14.cpp; sourceTree = "<group>"; };
		728B8A00284234FB006D3D26 /* example_15.cpp */ = {isa = PBXFileReference; lastKnownFileType = sourcecode.cpp.cpp; path = example_15.cpp; sourceTree = "<group>"; };
		728B8A0328424574006D3D26 /* student.cpp */ = {isa = PBXFileReference; lastKnownFileType = sourcecode.cpp.cpp; path = student.cpp; sourceTree = "<group>"; };
		728B8A0428424574006D3D26 /* student.hpp */ = {isa = PBXFileReference; lastKnownFileType = sourcecode.cpp.h; path = student.hpp; sourceTree = "<group>"; };
		728B8A062842457F006D3D26 /* main.cpp */ = {isa = PBXFileReference; lastKnownFileType = sourcecode.cpp.cpp; path = main.cpp; sourceTree = "<group>"; };
/* End PBXFileReference section */

/* Begin PBXFrameworksBuildPhase section */
		728B89CA283DCC9F006D3D26 /* Frameworks */ = {
			isa = PBXFrameworksBuildPhase;
			buildActionMask = 2147483647;
			files = (
			);
			runOnlyForDeploymentPostprocessing = 0;
		};
/* End PBXFrameworksBuildPhase section */

/* Begin PBXGroup section */
		728B89C4283DCC9F006D3D26 = {
			isa = PBXGroup;
			children = (
				728B8A022842447A006D3D26 /* programming_work6 */,
				728B89D7283DCD23006D3D26 /* programming_work7 */,
				728B89D0283DCC9F006D3D26 /* example_1.cpp */,
				728B89E5283F45C8006D3D26 /* example_2.cpp */,
				728B89E7283F4C07006D3D26 /* example_3.cpp */,
				728B89E928413F5F006D3D26 /* example_4.cpp */,
				728B89EB284140D9006D3D26 /* example_5.cpp */,
				728B89ED2841417A006D3D26 /* example_6.cpp */,
				728B89EF2841424D006D3D26 /* example_7.cpp */,
				728B89F128414393006D3D26 /* example_8.cpp */,
				728B89F32841448E006D3D26 /* example_9.cpp */,
				728B89F5284145FD006D3D26 /* example_10.cpp */,
				728B89F828422AF7006D3D26 /* example_11.cpp */,
				728B89FA28422BB7006D3D26 /* example_12.cpp */,
				728B89FC28422EA8006D3D26 /* example_13.cpp */,
				728B89FE28422F8E006D3D26 /* example_14.cpp */,
				728B8A00284234FB006D3D26 /* example_15.cpp */,
				728B89CE283DCC9F006D3D26 /* Products */,
			);
			sourceTree = "<group>";
		};
		728B89CE283DCC9F006D3D26 /* Products */ = {
			isa = PBXGroup;
			children = (
				728B89CD283DCC9F006D3D26 /* ch8_workspace */,
			);
			name = Products;
			sourceTree = "<group>";
		};
		728B89D7283DCD23006D3D26 /* programming_work7 */ = {
			isa = PBXGroup;
			children = (
				728B89D8283DCD53006D3D26 /* main.cpp */,
				728B89DA283DCD6A006D3D26 /* student.cpp */,
				728B89DC283DCD76006D3D26 /* student.h */,
			);
			path = programming_work7;
			sourceTree = "<group>";
		};
		728B8A022842447A006D3D26 /* programming_work6 */ = {
			isa = PBXGroup;
			children = (
				728B8A0328424574006D3D26 /* student.cpp */,
				728B8A0428424574006D3D26 /* student.hpp */,
				728B8A062842457F006D3D26 /* main.cpp */,
			);
			path = programming_work6;
			sourceTree = "<group>";
		};
/* End PBXGroup section */

/* Begin PBXNativeTarget section */
		728B89CC283DCC9F006D3D26 /* ch8_workspace */ = {
			isa = PBXNativeTarget;
			buildConfigurationList = 728B89D4283DCC9F006D3D26 /* Build configuration list for PBXNativeTarget "ch8_workspace" */;
			buildPhases = (
				728B89C9283DCC9F006D3D26 /* Sources */,
				728B89CA283DCC9F006D3D26 /* Frameworks */,
				728B89CB283DCC9F006D3D26 /* CopyFiles */,
			);
			buildRules = (
			);
			dependencies = (
			);
			name = ch8_workspace;
			productName = ch8_workspace;
			productReference = 728B89CD283DCC9F006D3D26 /* ch8_workspace */;
			productType = "com.apple.product-type.tool";
		};
/* End PBXNativeTarget section */

/* Begin PBXProject section */
		728B89C5283DCC9F006D3D26 /* Project object */ = {
			isa = PBXProject;
			attributes = {
				BuildIndependentTargetsInParallel = 1;
				LastUpgradeCheck = 1340;
				TargetAttributes = {
					728B89CC283DCC9F006D3D26 = {
						CreatedOnToolsVersion = 13.4;
					};
				};
			};
			buildConfigurationList = 728B89C8283DCC9F006D3D26 /* Build configuration list for PBXProject "ch8_workspace" */;
			compatibilityVersion = "Xcode 13.0";
			developmentRegion = en;
			hasScannedForEncodings = 0;
			knownRegions = (
				en,
				Base,
			);
			mainGroup = 728B89C4283DCC9F006D3D26;
			productRefGroup = 728B89CE283DCC9F006D3D26 /* Products */;
			projectDirPath = "";
			projectRoot = "";
			targets = (
				728B89CC283DCC9F006D3D26 /* ch8_workspace */,
			);
		};
/* End PBXProject section */

/* Begin PBXSourcesBuildPhase section */
		728B89C9283DCC9F006D3D26 /* Sources */ = {
			isa = PBXSourcesBuildPhase;
			buildActionMask = 2147483647;
			files = (
				728B8A1E28428B16006D3D26 /* main.cpp in Sources */,
				728B8A1F28428B16006D3D26 /* student.cpp in Sources */,
				728B8A2028428B16006D3D26 /* student.h in Sources */,
			);
			runOnlyForDeploymentPostprocessing = 0;
		};
/* End PBXSourcesBuildPhase section */

/* Begin XCBuildConfiguration section */
		728B89D2283DCC9F006D3D26 /* Debug */ = {
			isa = XCBuildConfiguration;
			buildSettings = {
				ALWAYS_SEARCH_USER_PATHS = NO;
				CLANG_ANALYZER_NONNULL = YES;
				CLANG_ANALYZER_NUMBER_OBJECT_CONVERSION = YES_AGGRESSIVE;
				CLANG_CXX_LANGUAGE_STANDARD = "gnu++17";
				CLANG_ENABLE_MODULES = YES;
				CLANG_ENABLE_OBJC_ARC = YES;
				CLANG_ENABLE_OBJC_WEAK = YES;
				CLANG_WARN_BLOCK_CAPTURE_AUTORELEASING = YES;
				CLANG_WARN_BOOL_CONVERSION = YES;
				CLANG_WARN_COMMA = YES;
				CLANG_WARN_CONSTANT_CONVERSION = YES;
				CLANG_WARN_DEPRECATED_OBJC_IMPLEMENTATIONS = YES;
				CLANG_WARN_DIRECT_OBJC_ISA_USAGE = YES_ERROR;
				CLANG_WARN_DOCUMENTATION_COMMENTS = YES;
				CLANG_WARN_EMPTY_BODY = YES;
				CLANG_WARN_ENUM_CONVERSION = YES;
				CLANG_WARN_INFINITE_RECURSION = YES;
				CLANG_WARN_INT_CONVERSION = YES;
				CLANG_WARN_NON_LITERAL_NULL_CONVERSION = YES;
				CLANG_WARN_OBJC_IMPLICIT_RETAIN_SELF = YES;
				CLANG_WARN_OBJC_LITERAL_CONVERSION = YES;
				CLANG_WARN_OBJC_ROOT_CLASS = YES_ERROR;
				CLANG_WARN_QUOTED_INCLUDE_IN_FRAMEWORK_HEADER = YES;
				CLANG_WARN_RANGE_LOOP_ANALYSIS = YES;
				CLANG_WARN_STRICT_PROTOTYPES = YES;
				CLANG_WARN_SUSPICIOUS_MOVE = YES;
				CLANG_WARN_UNGUARDED_AVAILABILITY = YES_AGGRESSIVE;
				CLANG_WARN_UNREACHABLE_CODE = YES;
				CLANG_WARN__DUPLICATE_METHOD_MATCH = YES;
				COPY_PHASE_STRIP = NO;
				DEBUG_INFORMATION_FORMAT = dwarf;
				ENABLE_STRICT_OBJC_MSGSEND = YES;
				ENABLE_TESTABILITY = YES;
				GCC_C_LANGUAGE_STANDARD = gnu11;
				GCC_DYNAMIC_NO_PIC = NO;
				GCC_NO_COMMON_BLOCKS = YES;
				GCC_OPTIMIZATION_LEVEL = 0;
				GCC_PREPROCESSOR_DEFINITIONS = (
					"DEBUG=1",
					"$(inherited)",
				);
				GCC_WARN_64_TO_32_BIT_CONVERSION = YES;
				GCC_WARN_ABOUT_RETURN_TYPE = YES_ERROR;
				GCC_WARN_UNDECLARED_SELECTOR = YES;
				GCC_WARN_UNINITIALIZED_AUTOS = YES_AGGRESSIVE;
				GCC_WARN_UNUSED_FUNCTION = YES;
				GCC_WARN_UNUSED_VARIABLE = YES;
				MACOSX_DEPLOYMENT_TARGET = 12.3;
				MTL_ENABLE_DEBUG_INFO = INCLUDE_SOURCE;
				MTL_FAST_MATH = YES;
				ONLY_ACTIVE_ARCH = YES;
				SDKROOT = macosx;
			};
			name = Debug;
		};
		728B89D3283DCC9F006D3D26 /* Release */ = {
			isa = XCBuildConfiguration;
			buildSettings = {
				ALWAYS_SEARCH_USER_PATHS = NO;
				CLANG_ANALYZER_NONNULL = YES;
				CLANG_ANALYZER_NUMBER_OBJECT_CONVERSION = YES_AGGRESSIVE;
				CLANG_CXX_LANGUAGE_STANDARD = "gnu++17";
				CLANG_ENABLE_MODULES = YES;
				CLANG_ENABLE_OBJC_ARC = YES;
				CLANG_ENABLE_OBJC_WEAK = YES;
				CLANG_WARN_BLOCK_CAPTURE_AUTORELEASING = YES;
				CLANG_WARN_BOOL_CONVERSION = YES;
				CLANG_WARN_COMMA = YES;
				CLANG_WARN_CONSTANT_CONVERSION = YES;
				CLANG_WARN_DEPRECATED_OBJC_IMPLEMENTATIONS = YES;
				CLANG_WARN_DIRECT_OBJC_ISA_USAGE = YES_ERROR;
				CLANG_WARN_DOCUMENTATION_COMMENTS = YES;
				CLANG_WARN_EMPTY_BODY = YES;
				CLANG_WARN_ENUM_CONVERSION = YES;
				CLANG_WARN_INFINITE_RECURSION = YES;
				CLANG_WARN_INT_CONVERSION = YES;
				CLANG_WARN_NON_LITERAL_NULL_CONVERSION = YES;
				CLANG_WARN_OBJC_IMPLICIT_RETAIN_SELF = YES;
				CLANG_WARN_OBJC_LITERAL_CONVERSION = YES;
				CLANG_WARN_OBJC_ROOT_CLASS = YES_ERROR;
				CLANG_WARN_QUOTED_INCLUDE_IN_FRAMEWORK_HEADER = YES;
				CLANG_WARN_RANGE_LOOP_ANALYSIS = YES;
				CLANG_WARN_STRICT_PROTOTYPES = YES;
				CLANG_WARN_SUSPICIOUS_MOVE = YES;
				CLANG_WARN_UNGUARDED_AVAILABILITY = YES_AGGRESSIVE;
				CLANG_WARN_UNREACHABLE_CODE = YES;
				CLANG_WARN__DUPLICATE_METHOD_MATCH = YES;
				COPY_PHASE_STRIP = NO;
				DEBUG_INFORMATION_FORMAT = "dwarf-with-dsym";
				ENABLE_NS_ASSERTIONS = NO;
				ENABLE_STRICT_OBJC_MSGSEND = YES;
				GCC_C_LANGUAGE_STANDARD = gnu11;
				GCC_NO_COMMON_BLOCKS = YES;
				GCC_WARN_64_TO_32_BIT_CONVERSION = YES;
				GCC_WARN_ABOUT_RETURN_TYPE = YES_ERROR;
				GCC_WARN_UNDECLARED_SELECTOR = YES;
				GCC_WARN_UNINITIALIZED_AUTOS = YES_AGGRESSIVE;
				GCC_WARN_UNUSED_FUNCTION = YES;
				GCC_WARN_UNUSED_VARIABLE = YES;
				MACOSX_DEPLOYMENT_TARGET = 12.3;
				MTL_ENABLE_DEBUG_INFO = NO;
				MTL_FAST_MATH = YES;
				SDKROOT = macosx;
			};
			name = Release;
		};
		728B89D5283DCC9F006D3D26 /* Debug */ = {
			isa = XCBuildConfiguration;
			buildSettings = {
				CODE_SIGN_STYLE = Automatic;
				PRODUCT_NAME = "$(TARGET_NAME)";
			};
			name = Debug;
		};
		728B89D6283DCC9F006D3D26 /* Release */ = {
			isa = XCBuildConfiguration;
			buildSettings = {
				CODE_SIGN_STYLE = Automatic;
				PRODUCT_NAME = "$(TARGET_NAME)";
			};
			name = Release;
		};
/* End XCBuildConfiguration section */

/* Begin XCConfigurationList section */
		728B89C8283DCC9F006D3D26 /* Build configuration list for PBXProject "ch8_workspace" */ = {
			isa = XCConfigurationList;
			buildConfigurations = (
				728B89D2283DCC9F006D3D26 /* Debug */,
				728B89D3283DCC9F006D3D26 /* Release */,
			);
			defaultConfigurationIsVisible = 0;
			defaultConfigurationName = Release;
		};
		728B89D4283DCC9F006D3D26 /* Build configuration list for PBXNativeTarget "ch8_workspace" */ = {
			isa = XCConfigurationList;
			buildConfigurations = (
				728B89D5283DCC9F006D3D26 /* Debug */,
				728B89D6283DCC9F006D3D26 /* Release */,
			);
			defaultConfigurationIsVisible = 0;
			defaultConfigurationName = Release;
		};
/* End XCConfigurationList section */
	};
	rootObject = 728B89C5283DCC9F006D3D26 /* Project object */;
}
